
Microsoft Visual Studio Solution File, Format Version 12.00
# Visual Studio Version 17
VisualStudioVersion = 17.0.31903.59
MinimumVisualStudioVersion = 10.0.40219.1
Project("{2150E333-8FDC-42A3-9474-1A3956D46DE8}") = "src", "src", "{827E0CD3-B72D-47B6-A68D-7590B98EB39B}"
EndProject
Project("{2150E333-8FDC-42A3-9474-1A3956D46DE8}") = "tests", "tests", "{4CAD3A60-7AA5-4AF7-AAB9-6F5AF2840F36}"
EndProject

Project("{FAE04EC0-301F-11D3-BF4B-00C04F79EFBC}") = "Payments.Api", "src\Payments.Api\Payments.Api.csproj", "{D8DB8862-85DF-4A71-BA7C-070FA0BF3F48}"
EndProject
Project("{FAE04EC0-301F-11D3-BF4B-00C04F79EFBC}") = "Payments.UnitTests", "tests\Payments.UnitTests\Payments.UnitTests.csproj", "{0C674E3D-2F44-40FD-8815-F9C88DD6CDE1}"
EndProject
Project("{FAE04EC0-301F-11D3-BF4B-00C04F79EFBC}") = "Payments.IntegrationTests", "tests\Payments.IntegrationTests\Payments.IntegrationTests.csproj", "{AEE105A9-86EB-43EF-A630-F3C2011CEF9C}"
EndProject
Project("{FAE04EC0-301F-11D3-BF4B-00C04F79EFBC}") = "Payments.FunctionalTests", "tests\Payments.FunctionalTests\Payments.FunctionalTests.csproj", "{6A8B41B9-E0C7-45B7-AA7D-B9B52A1F6A58}"
EndProject
Global
	GlobalSection(SolutionConfigurationPlatforms) = preSolution
		Debug|Any CPU = Debug|Any CPU
		Debug|x64 = Debug|x64
		Debug|x86 = Debug|x86
		Release|Any CPU = Release|Any CPU
		Release|x64 = Release|x64
		Release|x86 = Release|x86
	EndGlobalSection
	GlobalSection(ProjectConfigurationPlatforms) = postSolution
		{D8DB8862-85DF-4A71-BA7C-070FA0BF3F48}.Debug|Any CPU.ActiveCfg = Debug|Any CPU
		{D8DB8862-85DF-4A71-BA7C-070FA0BF3F48}.Debug|Any CPU.Build.0 = Debug|Any CPU
		{D8DB8862-85DF-4A71-BA7C-070FA0BF3F48}.Debug|x64.ActiveCfg = Debug|Any CPU
		{D8DB8862-85DF-4A71-BA7C-070FA0BF3F48}.Debug|x64.Build.0 = Debug|Any CPU
		{D8DB8862-85DF-4A71-BA7C-070FA0BF3F48}.Debug|x86.ActiveCfg = Debug|Any CPU
		{D8DB8862-85DF-4A71-BA7C-070FA0BF3F48}.Debug|x86.Build.0 = Debug|Any CPU
		{D8DB8862-85DF-4A71-BA7C-070FA0BF3F48}.Release|Any CPU.ActiveCfg = Release|Any CPU
		{D8DB8862-85DF-4A71-BA7C-070FA0BF3F48}.Release|Any CPU.Build.0 = Release|Any CPU
		{D8DB8862-85DF-4A71-BA7C-070FA0BF3F48}.Release|x64.ActiveCfg = Release|Any CPU
		{D8DB8862-85DF-4A71-BA7C-070FA0BF3F48}.Release|x64.Build.0 = Release|Any CPU
		{D8DB8862-85DF-4A71-BA7C-070FA0BF3F48}.Release|x86.ActiveCfg = Release|Any CPU
		{D8DB8862-85DF-4A71-BA7C-070FA0BF3F48}.Release|x86.Build.0 = Release|Any CPU
		{0C674E3D-2F44-40FD-8815-F9C88DD6CDE1}.Debug|Any CPU.ActiveCfg = Debug|Any CPU
		{0C674E3D-2F44-40FD-8815-F9C88DD6CDE1}.Debug|Any CPU.Build.0 = Debug|Any CPU
		{0C674E3D-2F44-40FD-8815-F9C88DD6CDE1}.Debug|x64.ActiveCfg = Debug|Any CPU
		{0C674E3D-2F44-40FD-8815-F9C88DD6CDE1}.Debug|x64.Build.0 = Debug|Any CPU
		{0C674E3D-2F44-40FD-8815-F9C88DD6CDE1}.Debug|x86.ActiveCfg = Debug|Any CPU
		{0C674E3D-2F44-40FD-8815-F9C88DD6CDE1}.Debug|x86.Build.0 = Debug|Any CPU
		{0C674E3D-2F44-40FD-8815-F9C88DD6CDE1}.Release|Any CPU.ActiveCfg = Release|Any CPU
		{0C674E3D-2F44-40FD-8815-F9C88DD6CDE1}.Release|Any CPU.Build.0 = Release|Any CPU
		{0C674E3D-2F44-40FD-8815-F9C88DD6CDE1}.Release|x64.ActiveCfg = Release|Any CPU
		{0C674E3D-2F44-40FD-8815-F9C88DD6CDE1}.Release|x64.Build.0 = Release|Any CPU
		{0C674E3D-2F44-40FD-8815-F9C88DD6CDE1}.Release|x86.ActiveCfg = Release|Any CPU
		{0C674E3D-2F44-40FD-8815-F9C88DD6CDE1}.Release|x86.Build.0 = Release|Any CPU
		{AEE105A9-86EB-43EF-A630-F3C2011CEF9C}.Debug|Any CPU.ActiveCfg = Debug|Any CPU
		{AEE105A9-86EB-43EF-A630-F3C2011CEF9C}.Debug|Any CPU.Build.0 = Debug|Any CPU
		{AEE105A9-86EB-43EF-A630-F3C2011CEF9C}.Debug|x64.ActiveCfg = Debug|Any CPU
		{AEE105A9-86EB-43EF-A630-F3C2011CEF9C}.Debug|x64.Build.0 = Debug|Any CPU
		{AEE105A9-86EB-43EF-A630-F3C2011CEF9C}.Debug|x86.ActiveCfg = Debug|Any CPU
		{AEE105A9-86EB-43EF-A630-F3C2011CEF9C}.Debug|x86.Build.0 = Debug|Any CPU
		{AEE105A9-86EB-43EF-A630-F3C2011CEF9C}.Release|Any CPU.ActiveCfg = Release|Any CPU
		{AEE105A9-86EB-43EF-A630-F3C2011CEF9C}.Release|Any CPU.Build.0 = Release|Any CPU
		{AEE105A9-86EB-43EF-A630-F3C2011CEF9C}.Release|x64.ActiveCfg = Release|Any CPU
		{AEE105A9-86EB-43EF-A630-F3C2011CEF9C}.Release|x64.Build.0 = Release|Any CPU
		{AEE105A9-86EB-43EF-A630-F3C2011CEF9C}.Release|x86.ActiveCfg = Release|Any CPU
		{AEE105A9-86EB-43EF-A630-F3C2011CEF9C}.Release|x86.Build.0 = Release|Any CPU
		{6A8B41B9-E0C7-45B7-AA7D-B9B52A1F6A58}.Debug|Any CPU.ActiveCfg = Debug|Any CPU
		{6A8B41B9-E0C7-45B7-AA7D-B9B52A1F6A58}.Debug|Any CPU.Build.0 = Debug|Any CPU
		{6A8B41B9-E0C7-45B7-AA7D-B9B52A1F6A58}.Debug|x64.ActiveCfg = Debug|Any CPU
		{6A8B41B9-E0C7-45B7-AA7D-B9B52A1F6A58}.Debug|x64.Build.0 = Debug|Any CPU
		{6A8B41B9-E0C7-45B7-AA7D-B9B52A1F6A58}.Debug|x86.ActiveCfg = Debug|Any CPU
		{6A8B41B9-E0C7-45B7-AA7D-B9B52A1F6A58}.Debug|x86.Build.0 = Debug|Any CPU
		{6A8B41B9-E0C7-45B7-AA7D-B9B52A1F6A58}.Release|Any CPU.ActiveCfg = Release|Any CPU
		{6A8B41B9-E0C7-45B7-AA7D-B9B52A1F6A58}.Release|Any CPU.Build.0 = Release|Any CPU
		{6A8B41B9-E0C7-45B7-AA7D-B9B52A1F6A58}.Release|x64.ActiveCfg = Release|Any CPU
		{6A8B41B9-E0C7-45B7-AA7D-B9B52A1F6A58}.Release|x64.Build.0 = Release|Any CPU
		{6A8B41B9-E0C7-45B7-AA7D-B9B52A1F6A58}.Release|x86.ActiveCfg = Release|Any CPU
		{6A8B41B9-E0C7-45B7-AA7D-B9B52A1F6A58}.Release|x86.Build.0 = Release|Any CPU
	EndGlobalSection
	GlobalSection(SolutionProperties) = preSolution
		HideSolutionNode = FALSE
	EndGlobalSection
	GlobalSection(NestedProjects) = preSolution
		{D8DB8862-85DF-4A71-BA7C-070FA0BF3F48} = {827E0CD3-B72D-47B6-A68D-7590B98EB39B}
		{0C674E3D-2F44-40FD-8815-F9C88DD6CDE1} = {4CAD3A60-7AA5-4AF7-AAB9-6F5AF2840F36}
		{AEE105A9-86EB-43EF-A630-F3C2011CEF9C} = {4CAD3A60-7AA5-4AF7-AAB9-6F5AF2840F36}
		{6A8B41B9-E0C7-45B7-AA7D-B9B52A1F6A58} = {4CAD3A60-7AA5-4AF7-AAB9-6F5AF2840F36}
	EndGlobalSection
EndGlobal
